
Microsoft Visual Studio Solution File, Format Version 12.00
# Visual Studio 15
Project("{FAE04EC0-301F-11D3-BF4B-00C04F79EFBC}") = "suma_de_dos_numeros", "suma_de_dos_numeros\suma_de_dos_numeros.csproj", "{9DAE15CA-AD5D-464A-8686-846C17923CA3}"
EndProject
Global
	GlobalSection(SolutionConfigurationPlatforms) = preSolution
		Debug|x86 = Debug|x86
		Release|x86 = Release|x86
	EndGlobalSection
	GlobalSection(ProjectConfigurationPlatforms) = postSolution
		{9DAE15CA-AD5D-464A-8686-846C17923CA3}.Debug|x86.ActiveCfg = Debug|x86
		{9DAE15CA-AD5D-464A-8686-846C17923CA3}.Debug|x86.Build.0 = Debug|x86
		{9DAE15CA-AD5D-464A-8686-846C17923CA3}.Release|x86.ActiveCfg = Release|x86
		{9DAE15CA-AD5D-464A-8686-846C17923CA3}.Release|x86.Build.0 = Release|x86
	EndGlobalSection
EndGlobal
